github.com/gorilla/websocket v1.5.0 h1:PPwGk2jz7EePpoHN/+ClbZu8SPxiqlu12wZP/3sWmnc=
github.com/gorilla/websocket v1.5.0/go.mod h1:YR8l580nyteQvAITg2hZ9XVh4b55+EU/adAjf1fMHhE=
go.etcd.io/bbolt v1.3.7-0.20220226045046-fd5535f71f48 h1:edJBWeGHJkzwvJ8ReW0h50BRw6ikNVtrzhqtbseIAL8=
go.etcd.io/bbolt v1.3.7-0.20220226045046-fd5535f71f48/go.mod h1:sh/Yp01MYDakY7RVfzKZn+T1WOMTTFJrWjl7+M73RXA=
golang.org/x/sys v0.0.0-20200923182605-d9f96fdee20d/go.mod h1:h1NjWce9XRLGQEsW7wpKNCjG9DtNlClVuFLEZdDNbEs=
golang.org/x/sys v0.0.0-20220728004956-3c1f35247d10 h1:WIoqL4EROvwiPdUtaip4VcDdpZ4kha7wBWZrbVKCIZg=
golang.org/x/sys v0.0.0-20220728004956-3c1f35247d10/go.mod h1:oPkhp1MJrh7nUepCBck5+mAzfO9JrbApNNgaTdGDITg=
